
Microsoft Visual Studio Solution File, Format Version 12.00
# Visual Studio 14
VisualStudioVersion = 14.0.25420.1
MinimumVisualStudioVersion = 10.0.40219.1
Project("{FAE04EC0-301F-11D3-BF4B-00C04F79EFBC}") = "Ogolne", "ConsoleApplication1\Ogolne.csproj", "{38135F78-ACB4-477B-BC4B-144AEB86A43E}"
EndProject
Project("{FAE04EC0-301F-11D3-BF4B-00C04F79EFBC}") = "Nhibernate", "WebApplication1\Nhibernate.csproj", "{47BA4A49-5894-451E-95D5-AF43427B9B55}"
EndProject
Project("{FAE04EC0-301F-11D3-BF4B-00C04F79EFBC}") = "Enity_Framework", "Enity_Framework\Enity_Framework.csproj", "{5BF1024F-9CFA-4F97-84C0-FE18FF3A0A4B}"
EndProject
Global
	GlobalSection(SolutionConfigurationPlatforms) = preSolution
		Debug|Any CPU = Debug|Any CPU
		Debug|x64 = Debug|x64
		Debug|x86 = Debug|x86
		Release|Any CPU = Release|Any CPU
		Release|x64 = Release|x64
		Release|x86 = Release|x86
	EndGlobalSection
	GlobalSection(ProjectConfigurationPlatforms) = postSolution
		{38135F78-ACB4-477B-BC4B-144AEB86A43E}.Debug|Any CPU.ActiveCfg = Debug|Any CPU
		{38135F78-ACB4-477B-BC4B-144AEB86A43E}.Debug|Any CPU.Build.0 = Debug|Any CPU
		{38135F78-ACB4-477B-BC4B-144AEB86A43E}.Debug|x64.ActiveCfg = Debug|Any CPU
		{38135F78-ACB4-477B-BC4B-144AEB86A43E}.Debug|x64.Build.0 = Debug|Any CPU
		{38135F78-ACB4-477B-BC4B-144AEB86A43E}.Debug|x86.ActiveCfg = Debug|Any CPU
		{38135F78-ACB4-477B-BC4B-144AEB86A43E}.Debug|x86.Build.0 = Debug|Any CPU
		{38135F78-ACB4-477B-BC4B-144AEB86A43E}.Release|Any CPU.ActiveCfg = Release|Any CPU
		{38135F78-ACB4-477B-BC4B-144AEB86A43E}.Release|Any CPU.Build.0 = Release|Any CPU
		{38135F78-ACB4-477B-BC4B-144AEB86A43E}.Release|x64.ActiveCfg = Release|Any CPU
		{38135F78-ACB4-477B-BC4B-144AEB86A43E}.Release|x64.Build.0 = Release|Any CPU
		{38135F78-ACB4-477B-BC4B-144AEB86A43E}.Release|x86.ActiveCfg = Release|Any CPU
		{38135F78-ACB4-477B-BC4B-144AEB86A43E}.Release|x86.Build.0 = Release|Any CPU
		{47BA4A49-5894-451E-95D5-AF43427B9B55}.Debug|Any CPU.ActiveCfg = Debug|Any CPU
		{47BA4A49-5894-451E-95D5-AF43427B9B55}.Debug|Any CPU.Build.0 = Debug|Any CPU
		{47BA4A49-5894-451E-95D5-AF43427B9B55}.Debug|x64.ActiveCfg = Debug|Any CPU
		{47BA4A49-5894-451E-95D5-AF43427B9B55}.Debug|x64.Build.0 = Debug|Any CPU
		{47BA4A49-5894-451E-95D5-AF43427B9B55}.Debug|x86.ActiveCfg = Debug|Any CPU
		{47BA4A49-5894-451E-95D5-AF43427B9B55}.Debug|x86.Build.0 = Debug|Any CPU
		{47BA4A49-5894-451E-95D5-AF43427B9B55}.Release|Any CPU.ActiveCfg = Release|Any CPU
		{47BA4A49-5894-451E-95D5-AF43427B9B55}.Release|Any CPU.Build.0 = Release|Any CPU
		{47BA4A49-5894-451E-95D5-AF43427B9B55}.Release|x64.ActiveCfg = Release|Any CPU
		{47BA4A49-5894-451E-95D5-AF43427B9B55}.Release|x64.Build.0 = Release|Any CPU
		{47BA4A49-5894-451E-95D5-AF43427B9B55}.Release|x86.ActiveCfg = Release|Any CPU
		{47BA4A49-5894-451E-95D5-AF43427B9B55}.Release|x86.Build.0 = Release|Any CPU
		{5BF1024F-9CFA-4F97-84C0-FE18FF3A0A4B}.Debug|Any CPU.ActiveCfg = Debug|Any CPU
		{5BF1024F-9CFA-4F97-84C0-FE18FF3A0A4B}.Debug|Any CPU.Build.0 = Debug|Any CPU
		{5BF1024F-9CFA-4F97-84C0-FE18FF3A0A4B}.Debug|x64.ActiveCfg = Debug|Any CPU
		{5BF1024F-9CFA-4F97-84C0-FE18FF3A0A4B}.Debug|x64.Build.0 = Debug|Any CPU
		{5BF1024F-9CFA-4F97-84C0-FE18FF3A0A4B}.Debug|x86.ActiveCfg = Debug|Any CPU
		{5BF1024F-9CFA-4F97-84C0-FE18FF3A0A4B}.Debug|x86.Build.0 = Debug|Any CPU
		{5BF1024F-9CFA-4F97-84C0-FE18FF3A0A4B}.Release|Any CPU.ActiveCfg = Release|Any CPU
		{5BF1024F-9CFA-4F97-84C0-FE18FF3A0A4B}.Release|Any CPU.Build.0 = Release|Any CPU
		{5BF1024F-9CFA-4F97-84C0-FE18FF3A0A4B}.Release|x64.ActiveCfg = Release|Any CPU
		{5BF1024F-9CFA-4F97-84C0-FE18FF3A0A4B}.Release|x64.Build.0 = Release|Any CPU
		{5BF1024F-9CFA-4F97-84C0-FE18FF3A0A4B}.Release|x86.ActiveCfg = Release|Any CPU
		{5BF1024F-9CFA-4F97-84C0-FE18FF3A0A4B}.Release|x86.Build.0 = Release|Any CPU
	EndGlobalSection
	GlobalSection(SolutionProperties) = preSolution
		HideSolutionNode = FALSE
	EndGlobalSection
EndGlobal
